# THIS IS AN AUTOGENERATED FILE. DO NOT EDIT THIS FILE DIRECTLY.
# yarn lockfile v1


"@google/generative-ai@^0.5.0":
  version "0.5.0"
  resolved "https://registry.yarnpkg.com/@google/generative-ai/-/generative-ai-0.5.0.tgz#3495e9499a57d698a3ef3a0e590914341ec68099"
  integrity sha512-uxfN3mROgVxb+9KrlVHIiglcWgNE86pVTS9TRkGS6hMvQoZ5TrB1TIMcW5ZYWxlRhMwtmEdJnNMUxSqM3Qp/Ag==
